
Microsoft Visual Studio Solution File, Format Version 12.00
# Visual Studio Version 17
VisualStudioVersion = 17.9.34723.18
MinimumVisualStudioVersion = 10.0.40219.1
Project("{9A19103F-16F7-4668-BE54-9A1E7A4F7556}") = "MicroMall", "MicroMall.csproj", "{95116851-A3A5-4EBD-9019-964AC1C02B69}"
EndProject
Project("{9A19103F-16F7-4668-BE54-9A1E7A4F7556}") = "Access", "..\Access\Access.csproj", "{1F48DB80-DFAF-4D5B-B9B6-BE4F4E4134F3}"
EndProject
Project("{9A19103F-16F7-4668-BE54-9A1E7A4F7556}") = "IServices", "..\IServices\IServices.csproj", "{035F2DE9-3FC5-4C20-937D-42C40E63E229}"
EndProject
Project("{9A19103F-16F7-4668-BE54-9A1E7A4F7556}") = "Services", "..\Services\Services.csproj", "{5AF93EDA-F3B1-400B-88AD-1E15CBAB0374}"
EndProject
Project("{FAE04EC0-301F-11D3-BF4B-00C04F79EFBC}") = "Entitys", "..\Entitys\Entitys.csproj", "{2FC616A2-CAFB-414D-AD2B-E0AF4416CCDD}"
EndProject
Global
	GlobalSection(SolutionConfigurationPlatforms) = preSolution
		Debug|Any CPU = Debug|Any CPU
		Release|Any CPU = Release|Any CPU
	EndGlobalSection
	GlobalSection(ProjectConfigurationPlatforms) = postSolution
		{95116851-A3A5-4EBD-9019-964AC1C02B69}.Debug|Any CPU.ActiveCfg = Debug|Any CPU
		{95116851-A3A5-4EBD-9019-964AC1C02B69}.Debug|Any CPU.Build.0 = Debug|Any CPU
		{95116851-A3A5-4EBD-9019-964AC1C02B69}.Release|Any CPU.ActiveCfg = Release|Any CPU
		{95116851-A3A5-4EBD-9019-964AC1C02B69}.Release|Any CPU.Build.0 = Release|Any CPU
		{1F48DB80-DFAF-4D5B-B9B6-BE4F4E4134F3}.Debug|Any CPU.ActiveCfg = Debug|Any CPU
		{1F48DB80-DFAF-4D5B-B9B6-BE4F4E4134F3}.Debug|Any CPU.Build.0 = Debug|Any CPU
		{1F48DB80-DFAF-4D5B-B9B6-BE4F4E4134F3}.Release|Any CPU.ActiveCfg = Release|Any CPU
		{1F48DB80-DFAF-4D5B-B9B6-BE4F4E4134F3}.Release|Any CPU.Build.0 = Release|Any CPU
		{035F2DE9-3FC5-4C20-937D-42C40E63E229}.Debug|Any CPU.ActiveCfg = Debug|Any CPU
		{035F2DE9-3FC5-4C20-937D-42C40E63E229}.Debug|Any CPU.Build.0 = Debug|Any CPU
		{035F2DE9-3FC5-4C20-937D-42C40E63E229}.Release|Any CPU.ActiveCfg = Release|Any CPU
		{035F2DE9-3FC5-4C20-937D-42C40E63E229}.Release|Any CPU.Build.0 = Release|Any CPU
		{5AF93EDA-F3B1-400B-88AD-1E15CBAB0374}.Debug|Any CPU.ActiveCfg = Debug|Any CPU
		{5AF93EDA-F3B1-400B-88AD-1E15CBAB0374}.Debug|Any CPU.Build.0 = Debug|Any CPU
		{5AF93EDA-F3B1-400B-88AD-1E15CBAB0374}.Release|Any CPU.ActiveCfg = Release|Any CPU
		{5AF93EDA-F3B1-400B-88AD-1E15CBAB0374}.Release|Any CPU.Build.0 = Release|Any CPU
		{2FC616A2-CAFB-414D-AD2B-E0AF4416CCDD}.Debug|Any CPU.ActiveCfg = Debug|Any CPU
		{2FC616A2-CAFB-414D-AD2B-E0AF4416CCDD}.Debug|Any CPU.Build.0 = Debug|Any CPU
		{2FC616A2-CAFB-414D-AD2B-E0AF4416CCDD}.Release|Any CPU.ActiveCfg = Release|Any CPU
		{2FC616A2-CAFB-414D-AD2B-E0AF4416CCDD}.Release|Any CPU.Build.0 = Release|Any CPU
	EndGlobalSection
	GlobalSection(SolutionProperties) = preSolution
		HideSolutionNode = FALSE
	EndGlobalSection
	GlobalSection(ExtensibilityGlobals) = postSolution
		SolutionGuid = {C1A56409-980F-4B89-B213-3E56E66D8333}
	EndGlobalSection
EndGlobal
